
Microsoft Visual Studio Solution File, Format Version 12.00
# Visual Studio 15
VisualStudioVersion = 15.0.26228.12
MinimumVisualStudioVersion = 10.0.40219.1
Project("{2150E333-8FDC-42A3-9474-1A3956D46DE8}") = "Server", "Server", "{9A590047-8263-4201-88B8-20573C101B58}"
EndProject
Project("{FAE04EC0-301F-11D3-BF4B-00C04F79EFBC}") = "Kama.SmsService.Core", "Kama.SmsService.Core\Kama.SmsService.Core.csproj", "{707BC0D4-F69E-45BD-8C66-EC26C818A54C}"
EndProject
Project("{FAE04EC0-301F-11D3-BF4B-00C04F79EFBC}") = "Kama.SmsService.Core.DataSource", "Kama.SmsService.Core.DataSource\Kama.SmsService.Core.DataSource.csproj", "{BC827D6B-34CA-4FE2-B425-89CE2BFF333C}"
EndProject
Project("{FAE04EC0-301F-11D3-BF4B-00C04F79EFBC}") = "Kama.SmsService.Core.MagfaSms", "Kama.SmsService.Core.MagfaSms\Kama.SmsService.Core.MagfaSms.csproj", "{0E1930B6-5582-4E7F-A1FE-1C08FC9EBCF5}"
EndProject
Project("{FAE04EC0-301F-11D3-BF4B-00C04F79EFBC}") = "Kama.SmsService.Core.Service", "Kama.SmsService.Core.Service\Kama.SmsService.Core.Service.csproj", "{0A95438E-DC1A-4347-A143-3E5954443A0F}"
EndProject
Project("{2150E333-8FDC-42A3-9474-1A3956D46DE8}") = "Core", "Core", "{F7725D81-4A26-4C8F-A67F-569F9AD68F6C}"
EndProject
Project("{FAE04EC0-301F-11D3-BF4B-00C04F79EFBC}") = "Kama.SmsService.Infrastructure.DAL", "Kama.SmsService.Infrastructure.DAL\Kama.SmsService.Infrastructure.DAL.csproj", "{B503E4CB-BFCC-4AD9-8AA2-291F789D7CBA}"
EndProject
Project("{2150E333-8FDC-42A3-9474-1A3956D46DE8}") = "Infrastructure", "Infrastructure", "{9221E39E-081A-4C4B-8EE0-53042FBD3A8E}"
EndProject
Project("{FAE04EC0-301F-11D3-BF4B-00C04F79EFBC}") = "Kama.SmsService.Domain", "Kama.SmsService.Domain\Kama.SmsService.Domain.csproj", "{213689B1-8CB7-463B-B4C5-2AFF0DDC6773}"
EndProject
Project("{2150E333-8FDC-42A3-9474-1A3956D46DE8}") = "Domain", "Domain", "{0E478FE2-25BC-4562-865F-69224E600647}"
EndProject
Project("{2150E333-8FDC-42A3-9474-1A3956D46DE8}") = "API", "API", "{DB5732CB-FA35-4A31-A476-32615DBCC0B9}"
EndProject
Project("{2150E333-8FDC-42A3-9474-1A3956D46DE8}") = "Client", "Client", "{67614F98-DBC3-478D-ABA8-2999C3525B83}"
EndProject
Project("{FAE04EC0-301F-11D3-BF4B-00C04F79EFBC}") = "Kama.SmsService.Core.Model", "Kama.SmsService.Core.Model\Kama.SmsService.Core.Model.csproj", "{88B01B1F-C5E7-405A-8654-7AB42CC0E23D}"
EndProject
Project("{FAE04EC0-301F-11D3-BF4B-00C04F79EFBC}") = "Kama.SmsService.Api", "Kama.SmsService.Api\Kama.SmsService.Api.csproj", "{DF999FB7-0EDD-4A6A-B1DE-D5299A86B198}"
EndProject
Project("{FAE04EC0-301F-11D3-BF4B-00C04F79EFBC}") = "Kama.SmsService.ApiClinet", "Kama.SmsService.ApiClinet\Kama.SmsService.ApiClinet.csproj", "{E6CE8FFD-D413-4971-94E4-3A31D182B3C1}"
EndProject
Project("{FAE04EC0-301F-11D3-BF4B-00C04F79EFBC}") = "Kama.SmsService.Infrastructure.SmsProvider", "Kama.SmsService.Infrastructure.SmsProvider\Kama.SmsService.Infrastructure.SmsProvider.csproj", "{BCBA2ED6-7622-4AF6-89AF-B828FB8667EB}"
EndProject
Global
	GlobalSection(SolutionConfigurationPlatforms) = preSolution
		Debug|Any CPU = Debug|Any CPU
		Release|Any CPU = Release|Any CPU
	EndGlobalSection
	GlobalSection(ProjectConfigurationPlatforms) = postSolution
		{707BC0D4-F69E-45BD-8C66-EC26C818A54C}.Debug|Any CPU.ActiveCfg = Debug|Any CPU
		{707BC0D4-F69E-45BD-8C66-EC26C818A54C}.Debug|Any CPU.Build.0 = Debug|Any CPU
		{707BC0D4-F69E-45BD-8C66-EC26C818A54C}.Release|Any CPU.ActiveCfg = Release|Any CPU
		{707BC0D4-F69E-45BD-8C66-EC26C818A54C}.Release|Any CPU.Build.0 = Release|Any CPU
		{BC827D6B-34CA-4FE2-B425-89CE2BFF333C}.Debug|Any CPU.ActiveCfg = Debug|Any CPU
		{BC827D6B-34CA-4FE2-B425-89CE2BFF333C}.Debug|Any CPU.Build.0 = Debug|Any CPU
		{BC827D6B-34CA-4FE2-B425-89CE2BFF333C}.Release|Any CPU.ActiveCfg = Release|Any CPU
		{BC827D6B-34CA-4FE2-B425-89CE2BFF333C}.Release|Any CPU.Build.0 = Release|Any CPU
		{0E1930B6-5582-4E7F-A1FE-1C08FC9EBCF5}.Debug|Any CPU.ActiveCfg = Debug|Any CPU
		{0E1930B6-5582-4E7F-A1FE-1C08FC9EBCF5}.Debug|Any CPU.Build.0 = Debug|Any CPU
		{0E1930B6-5582-4E7F-A1FE-1C08FC9EBCF5}.Release|Any CPU.ActiveCfg = Release|Any CPU
		{0E1930B6-5582-4E7F-A1FE-1C08FC9EBCF5}.Release|Any CPU.Build.0 = Release|Any CPU
		{0A95438E-DC1A-4347-A143-3E5954443A0F}.Debug|Any CPU.ActiveCfg = Debug|Any CPU
		{0A95438E-DC1A-4347-A143-3E5954443A0F}.Debug|Any CPU.Build.0 = Debug|Any CPU
		{0A95438E-DC1A-4347-A143-3E5954443A0F}.Release|Any CPU.ActiveCfg = Release|Any CPU
		{0A95438E-DC1A-4347-A143-3E5954443A0F}.Release|Any CPU.Build.0 = Release|Any CPU
		{B503E4CB-BFCC-4AD9-8AA2-291F789D7CBA}.Debug|Any CPU.ActiveCfg = Debug|Any CPU
		{B503E4CB-BFCC-4AD9-8AA2-291F789D7CBA}.Debug|Any CPU.Build.0 = Debug|Any CPU
		{B503E4CB-BFCC-4AD9-8AA2-291F789D7CBA}.Release|Any CPU.ActiveCfg = Release|Any CPU
		{B503E4CB-BFCC-4AD9-8AA2-291F789D7CBA}.Release|Any CPU.Build.0 = Release|Any CPU
		{213689B1-8CB7-463B-B4C5-2AFF0DDC6773}.Debug|Any CPU.ActiveCfg = Debug|Any CPU
		{213689B1-8CB7-463B-B4C5-2AFF0DDC6773}.Debug|Any CPU.Build.0 = Debug|Any CPU
		{213689B1-8CB7-463B-B4C5-2AFF0DDC6773}.Release|Any CPU.ActiveCfg = Release|Any CPU
		{213689B1-8CB7-463B-B4C5-2AFF0DDC6773}.Release|Any CPU.Build.0 = Release|Any CPU
		{88B01B1F-C5E7-405A-8654-7AB42CC0E23D}.Debug|Any CPU.ActiveCfg = Debug|Any CPU
		{88B01B1F-C5E7-405A-8654-7AB42CC0E23D}.Debug|Any CPU.Build.0 = Debug|Any CPU
		{88B01B1F-C5E7-405A-8654-7AB42CC0E23D}.Release|Any CPU.ActiveCfg = Release|Any CPU
		{88B01B1F-C5E7-405A-8654-7AB42CC0E23D}.Release|Any CPU.Build.0 = Release|Any CPU
		{DF999FB7-0EDD-4A6A-B1DE-D5299A86B198}.Debug|Any CPU.ActiveCfg = Debug|Any CPU
		{DF999FB7-0EDD-4A6A-B1DE-D5299A86B198}.Debug|Any CPU.Build.0 = Debug|Any CPU
		{DF999FB7-0EDD-4A6A-B1DE-D5299A86B198}.Release|Any CPU.ActiveCfg = Release|Any CPU
		{DF999FB7-0EDD-4A6A-B1DE-D5299A86B198}.Release|Any CPU.Build.0 = Release|Any CPU
		{E6CE8FFD-D413-4971-94E4-3A31D182B3C1}.Debug|Any CPU.ActiveCfg = Debug|Any CPU
		{E6CE8FFD-D413-4971-94E4-3A31D182B3C1}.Debug|Any CPU.Build.0 = Debug|Any CPU
		{E6CE8FFD-D413-4971-94E4-3A31D182B3C1}.Release|Any CPU.ActiveCfg = Release|Any CPU
		{E6CE8FFD-D413-4971-94E4-3A31D182B3C1}.Release|Any CPU.Build.0 = Release|Any CPU
		{BCBA2ED6-7622-4AF6-89AF-B828FB8667EB}.Debug|Any CPU.ActiveCfg = Debug|Any CPU
		{BCBA2ED6-7622-4AF6-89AF-B828FB8667EB}.Debug|Any CPU.Build.0 = Debug|Any CPU
		{BCBA2ED6-7622-4AF6-89AF-B828FB8667EB}.Release|Any CPU.ActiveCfg = Release|Any CPU
		{BCBA2ED6-7622-4AF6-89AF-B828FB8667EB}.Release|Any CPU.Build.0 = Release|Any CPU
	EndGlobalSection
	GlobalSection(SolutionProperties) = preSolution
		HideSolutionNode = FALSE
	EndGlobalSection
	GlobalSection(NestedProjects) = preSolution
		{707BC0D4-F69E-45BD-8C66-EC26C818A54C} = {F7725D81-4A26-4C8F-A67F-569F9AD68F6C}
		{BC827D6B-34CA-4FE2-B425-89CE2BFF333C} = {F7725D81-4A26-4C8F-A67F-569F9AD68F6C}
		{0E1930B6-5582-4E7F-A1FE-1C08FC9EBCF5} = {F7725D81-4A26-4C8F-A67F-569F9AD68F6C}
		{0A95438E-DC1A-4347-A143-3E5954443A0F} = {F7725D81-4A26-4C8F-A67F-569F9AD68F6C}
		{F7725D81-4A26-4C8F-A67F-569F9AD68F6C} = {9A590047-8263-4201-88B8-20573C101B58}
		{B503E4CB-BFCC-4AD9-8AA2-291F789D7CBA} = {9221E39E-081A-4C4B-8EE0-53042FBD3A8E}
		{9221E39E-081A-4C4B-8EE0-53042FBD3A8E} = {9A590047-8263-4201-88B8-20573C101B58}
		{213689B1-8CB7-463B-B4C5-2AFF0DDC6773} = {0E478FE2-25BC-4562-865F-69224E600647}
		{0E478FE2-25BC-4562-865F-69224E600647} = {9A590047-8263-4201-88B8-20573C101B58}
		{DB5732CB-FA35-4A31-A476-32615DBCC0B9} = {9A590047-8263-4201-88B8-20573C101B58}
		{88B01B1F-C5E7-405A-8654-7AB42CC0E23D} = {F7725D81-4A26-4C8F-A67F-569F9AD68F6C}
		{DF999FB7-0EDD-4A6A-B1DE-D5299A86B198} = {DB5732CB-FA35-4A31-A476-32615DBCC0B9}
		{E6CE8FFD-D413-4971-94E4-3A31D182B3C1} = {67614F98-DBC3-478D-ABA8-2999C3525B83}
		{BCBA2ED6-7622-4AF6-89AF-B828FB8667EB} = {9221E39E-081A-4C4B-8EE0-53042FBD3A8E}
	EndGlobalSection
	GlobalSection(ExtensibilityGlobals) = postSolution
		SolutionGuid = {539DA271-7808-43CF-BAF0-59AC85F2FEFE}
	EndGlobalSection
EndGlobal
